{
    "name": "electron-pi-dashboard",
    "version": "1.0.0",
    "lockfileVersion": 1,
    "requires": true,
    "dependencies": {
        "@cliqz/adblocker": {
            "version": "1.19.0",
            "resolved": "https://registry.npmjs.org/@cliqz/adblocker/-/adblocker-1.19.0.tgz",
            "integrity": "sha512-sy/aBjPoQsqLI5XYHAaZfgi+7HpddJmoHn/UMyX0dx0/jnnaM2/Z2LGylOsGwjW97GsNvvqSwXgxsEH2R0K9SQ==",
            "requires": {
                "@remusao/guess-url-type": "^1.1.2",
                "@remusao/small": "^1.1.2",
                "@remusao/smaz": "^1.7.1",
                "@types/chrome": "^0.0.127",
                "@types/firefox-webext-browser": "^82.0.0",
                "tldts-experimental": "^5.6.21"
            }
        },
        "@cliqz/adblocker-content": {
            "version": "1.19.0",
            "resolved": "https://registry.npmjs.org/@cliqz/adblocker-content/-/adblocker-content-1.19.0.tgz",
            "integrity": "sha512-sciMicb+zmN5+iKCiDnWPegepgI32XzX4Snf1VxR+HAFwYGJmfk25vpL6ONd6hOlpmumxHkE/y5l7suH0ziP5g=="
        },
        "@cliqz/adblocker-electron": {
            "version": "1.19.0",
            "resolved": "https://registry.npmjs.org/@cliqz/adblocker-electron/-/adblocker-electron-1.19.0.tgz",
            "integrity": "sha512-UFhhHAQUI02HXWEX0Yjw+sCzJrdLbcGjCdjbaPjkYSv/w+uGaq7TahE1IXGALkS8vXHenA2iJdJglt2mh96Uuw==",
            "requires": {
                "@cliqz/adblocker": "^1.19.0",
                "@cliqz/adblocker-electron-preload": "^1.19.0",
                "tldts-experimental": "^5.6.21"
            }
        },
        "@cliqz/adblocker-electron-preload": {
            "version": "1.19.0",
            "resolved": "https://registry.npmjs.org/@cliqz/adblocker-electron-preload/-/adblocker-electron-preload-1.19.0.tgz",
            "integrity": "sha512-ns+VCyb+H8U5rKC4lfvAbb1KxZiIKFs3F8HvivRkGBFqjEzaCUC4s/kf6P+tWCLC69lVgrZUDIzFHkKmGG9LPA==",
            "requires": {
                "@cliqz/adblocker-content": "^1.19.0"
            }
        },
        "@remusao/guess-url-type": {
            "version": "1.2.1",
            "resolved": "https://registry.npmjs.org/@remusao/guess-url-type/-/guess-url-type-1.2.1.tgz",
            "integrity": "sha512-rbOqre2jW8STjheOsOaQHLgYBaBZ9Owbdt8NO7WvNZftJlaG3y/K9oOkl8ZUpuFBisIhmBuMEW6c+YrQl5inRA=="
        },
        "@remusao/small": {
            "version": "1.2.1",
            "resolved": "https://registry.npmjs.org/@remusao/small/-/small-1.2.1.tgz",
            "integrity": "sha512-7MjoGt0TJMVw1GPKgWq6SJPws1SLsUXQRa43Umht+nkyw2jnpy3WpiLNqGdwo5rHr5Wp9B2W/Pm5RQp656UJdw=="
        },
        "@remusao/smaz": {
            "version": "1.9.1",
            "resolved": "https://registry.npmjs.org/@remusao/smaz/-/smaz-1.9.1.tgz",
            "integrity": "sha512-e6BLuP8oaXCZ9+v46Is4ilAZ/Vq6YLgmBP204Ixgk1qTjXmqvFYG7+AS7v9nsZdGOy96r9DWGFbbDVgMxwu1rA==",
            "requires": {
                "@remusao/smaz-compress": "^1.9.1",
                "@remusao/smaz-decompress": "^1.9.1"
            }
        },
        "@remusao/smaz-compress": {
            "version": "1.9.1",
            "resolved": "https://registry.npmjs.org/@remusao/smaz-compress/-/smaz-compress-1.9.1.tgz",
            "integrity": "sha512-E2f48TwloQu3r6BdLOGF2aczeH7bJ/32oJGqvzT9SKur0cuUnLcZ7ZXP874E2fwmdE+cXzfC7bKzp79cDnmeyw==",
            "requires": {
                "@remusao/trie": "^1.4.1"
            }
        },
        "@remusao/smaz-decompress": {
            "version": "1.9.1",
            "resolved": "https://registry.npmjs.org/@remusao/smaz-decompress/-/smaz-decompress-1.9.1.tgz",
            "integrity": "sha512-TfjKKprYe3n47od8auhvJ/Ikj9kQTbDTe71ynKlxslrvvUhlIV3VQSuwYuMWMbdz1fIs0H/fxCN1Z8/H3km6/A=="
        },
        "@remusao/trie": {
            "version": "1.4.1",
            "resolved": "https://registry.npmjs.org/@remusao/trie/-/trie-1.4.1.tgz",
            "integrity": "sha512-yvwa+aCyYI/UjeD39BnpMypG8N06l86wIDW1/PAc6ihBRnodIfZDwccxQN3n1t74wduzaz74m4ZMHZnB06567Q=="
        },
        "@types/chrome": {
            "version": "0.0.127",
            "resolved": "https://registry.npmjs.org/@types/chrome/-/chrome-0.0.127.tgz",
            "integrity": "sha512-hBB9EApLYKKn2GvklVkTxVP6vZvxsH9okyIRUinNtMzZHIgIKWQk/ESbX+O5g4Bihfy38+aFGn7Kl7Cxou5JUg==",
            "requires": {
                "@types/filesystem": "*",
                "@types/har-format": "*"
            }
        },
        "@types/filesystem": {
            "version": "0.0.29",
            "resolved": "https://registry.npmjs.org/@types/filesystem/-/filesystem-0.0.29.tgz",
            "integrity": "sha512-85/1KfRedmfPGsbK8YzeaQUyV1FQAvMPMTuWFQ5EkLd2w7szhNO96bk3Rh/SKmOfd9co2rCLf0Voy4o7ECBOvw==",
            "requires": {
                "@types/filewriter": "*"
            }
        },
        "@types/filewriter": {
            "version": "0.0.28",
            "resolved": "https://registry.npmjs.org/@types/filewriter/-/filewriter-0.0.28.tgz",
            "integrity": "sha1-wFTor02d11205jq8dviFFocU1LM="
        },
        "@types/firefox-webext-browser": {
            "version": "82.0.0",
            "resolved": "https://registry.npmjs.org/@types/firefox-webext-browser/-/firefox-webext-browser-82.0.0.tgz",
            "integrity": "sha512-zKHePkjMx42KIUUZCPcUiyu1tpfQXH9VR4iDYfns3HvmKVJzt/TAFT+DFVroos8BI9RH78YgF3Hi/wlC6R6cKA=="
        },
        "@types/har-format": {
            "version": "1.2.5",
            "resolved": "https://registry.npmjs.org/@types/har-format/-/har-format-1.2.5.tgz",
            "integrity": "sha512-IG8AE1m2pWtPqQ7wXhFhy6Q59bwwnLwO36v5Rit2FrbXCIp8Sk8E2PfUCreyrdo17STwFSKDAkitVuVYbpEHvQ=="
        },
        "cross-fetch": {
            "version": "3.0.6",
            "resolved": "https://registry.npmjs.org/cross-fetch/-/cross-fetch-3.0.6.tgz",
            "integrity": "sha512-KBPUbqgFjzWlVcURG+Svp9TlhA5uliYtiNx/0r8nv0pdypeQCRJ9IaSIc3q/x3q8t3F75cHuwxVql1HFGHCNJQ==",
            "requires": {
                "node-fetch": "2.6.1"
            }
        },
        "node-fetch": {
            "version": "2.6.1",
            "resolved": "https://registry.npmjs.org/node-fetch/-/node-fetch-2.6.1.tgz",
            "integrity": "sha512-V4aYg89jEoVRxRb2fJdAg8FHvI7cEyYdVAh94HH0UIK8oJxUfkjlDQN9RbMx+bEjP7+ggMiFRprSti032Oipxw=="
        },
        "tldts-core": {
            "version": "5.6.80",
            "resolved": "https://registry.npmjs.org/tldts-core/-/tldts-core-5.6.80.tgz",
            "integrity": "sha512-yTsYxJg4UeXbsex/eWM7fSW9UeusaTsXUcovVf9E8h0mh5OD+P1nS9xiHekBcuKltSl8kYkQSDqbYpq9r+G+kw=="
        },
        "tldts-experimental": {
            "version": "5.6.80",
            "resolved": "https://registry.npmjs.org/tldts-experimental/-/tldts-experimental-5.6.80.tgz",
            "integrity": "sha512-Rzq3HZKUWxMAfO6IEXF/eVxfcgHybxItQPtcDgQasazXGXmmID6rEwHPiNtGXjsMpeSpw9g+5oZxf6cE18IVVA==",
            "requires": {
                "tldts-core": "^5.6.80"
            }
        }
    }
}
